PODS:
  - EasyBaseCodes (1.0.7)
  - Realm (4.3.2):
    - Realm/Headers (= 4.3.2)
  - Realm/Headers (4.3.2)
  - RealmSwift (4.3.2):
    - Realm (= 4.3.2)
  - RxCocoa (6.5.0):
    - RxRelay (= 6.5.0)
    - RxSwift (= 6.5.0)
  - RxRelay (6.5.0):
    - RxSwift (= 6.5.0)
  - RxSwift (6.5.0)
  - SwiftyJSON (5.0.1)
  - Zip (2.1.2)

DEPENDENCIES:
  - EasyBaseCodes
  - RealmSwift (~> 4.3.2)
  - RxCocoa
  - RxSwift
  - SwiftyJSON
  - Zip

SPEC REPOS:
  trunk:
    - EasyBaseCodes
    - Realm
    - RealmSwift
    - RxCocoa
    - RxRelay
    - RxSwift
    - SwiftyJSON
    - Zip

SPEC CHECKSUMS:
  EasyBaseCodes: 8c377e84973c2967f49417102d2590fa0093c9c7
  Realm: 5e92902e2875dff4bb0fd02f67bb737c3d5db2bc
  RealmSwift: 9a360fc7bae04fc2e308a34fbd899d5faa2d6b22
  RxCocoa: 94f817b71c07517321eb4f9ad299112ca8af743b
  RxRelay: 1de1523e604c72b6c68feadedd1af3b1b4d0ecbd
  RxSwift: 5710a9e6b17f3c3d6e40d6e559b9fa1e813b2ef8
  SwiftyJSON: 2f33a42c6fbc52764d96f13368585094bfd8aa5e
  Zip: b3fef584b147b6e582b2256a9815c897d60ddc67

PODFILE CHECKSUM: f57a8c700d4b32f2038ddaa27d588efdcf6445f7

COCOAPODS: 1.11.3
