// !$*UTF8*$!
{
	archiveVersion = 1;
	classes = {
	};
	objectVersion = 50;
	objects = {

/* Begin PBXBuildFile section */
		9305F2E228103BFD00ED87C5 /* waveformview.swift in Sources */ = {isa = PBXBuildFile; fileRef = 9305F2E128103BFD00ED87C5 /* waveformview.swift */; };
		93A4A4D52805A8E400A792C6 /* Recording.swift in Sources */ = {isa = PBXBuildFile; fileRef = 93A4A4D42805A8E400A792C6 /* Recording.swift */; };
		93A4A4FE2805AB5E00A792C6 /* AudioEfffect.swift in Sources */ = {isa = PBXBuildFile; fileRef = 93A4A4FD2805AB5E00A792C6 /* AudioEfffect.swift */; };
		93A4A5092805AE5700A792C6 /* ABBorder.swift in Sources */ = {isa = PBXBuildFile; fileRef = 93A4A5012805AE5700A792C6 /* ABBorder.swift */; };
		93A4A50A2805AE5700A792C6 /* ABEndIndicator.swift in Sources */ = {isa = PBXBuildFile; fileRef = 93A4A5022805AE5700A792C6 /* ABEndIndicator.swift */; };
		93A4A50B2805AE5700A792C6 /* ABProgressIndicator.swift in Sources */ = {isa = PBXBuildFile; fileRef = 93A4A5032805AE5700A792C6 /* ABProgressIndicator.swift */; };
		93A4A50C2805AE5700A792C6 /* ABThumbnailsManager.swift in Sources */ = {isa = PBXBuildFile; fileRef = 93A4A5042805AE5700A792C6 /* ABThumbnailsManager.swift */; };
		93A4A50D2805AE5700A792C6 /* ABVideoRangeSlider.swift in Sources */ = {isa = PBXBuildFile; fileRef = 93A4A5052805AE5700A792C6 /* ABVideoRangeSlider.swift */; };
		93A4A50E2805AE5700A792C6 /* ABStartIndicator.swift in Sources */ = {isa = PBXBuildFile; fileRef = 93A4A5062805AE5700A792C6 /* ABStartIndicator.swift */; };
		93A4A50F2805AE5700A792C6 /* ABTimeView.swift in Sources */ = {isa = PBXBuildFile; fileRef = 93A4A5072805AE5700A792C6 /* ABTimeView.swift */; };
		93A4A5102805AE5700A792C6 /* ABVideoHelper.swift in Sources */ = {isa = PBXBuildFile; fileRef = 93A4A5082805AE5700A792C6 /* ABVideoHelper.swift */; };
		93AE61D7289ACD20003E7CFA /* PropertyWapper.swift in Sources */ = {isa = PBXBuildFile; fileRef = 93AE61D6289ACD20003E7CFA /* PropertyWapper.swift */; };
		93AE61D9289ACE14003E7CFA /* Encode+Extension.swift in Sources */ = {isa = PBXBuildFile; fileRef = 93AE61D8289ACE14003E7CFA /* Encode+Extension.swift */; };
		93AE61DB289ACE4E003E7CFA /* RealmModel.swift in Sources */ = {isa = PBXBuildFile; fileRef = 93AE61DA289ACE4E003E7CFA /* RealmModel.swift */; };
		93AE61DD289ACE6A003E7CFA /* RealmManager.swift in Sources */ = {isa = PBXBuildFile; fileRef = 93AE61DC289ACE6A003E7CFA /* RealmManager.swift */; };
		93AE61DF289ACE6F003E7CFA /* EasyManageFiles.swift in Sources */ = {isa = PBXBuildFile; fileRef = 93AE61DE289ACE6F003E7CFA /* EasyManageFiles.swift */; };
		93E93F5D2802B74400370E3C /* EasyBaseAudio.h in Headers */ = {isa = PBXBuildFile; fileRef = 93E93F5B2802B74400370E3C /* EasyBaseAudio.h */; settings = {ATTRIBUTES = (Public, ); }; };
		93E93F662802B81000370E3C /* AudioManage.swift in Sources */ = {isa = PBXBuildFile; fileRef = 93E93F652802B81000370E3C /* AudioManage.swift */; };
		93E93F692802B8B300370E3C /* AudioType.swift in Sources */ = {isa = PBXBuildFile; fileRef = 93E93F682802B8B300370E3C /* AudioType.swift */; };
		93E93F6C2802B92200370E3C /* URL+Extension.swift in Sources */ = {isa = PBXBuildFile; fileRef = 93E93F6B2802B92200370E3C /* URL+Extension.swift */; };
		93E93F6F2802B97400370E3C /* Date+Extension.swift in Sources */ = {isa = PBXBuildFile; fileRef = 93E93F6E2802B97400370E3C /* Date+Extension.swift */; };
		93E93F722802BAEA00370E3C /* SongExporter.swift in Sources */ = {isa = PBXBuildFile; fileRef = 93E93F712802BAEA00370E3C /* SongExporter.swift */; };
		A365F9F94591AA8B266D09AF /* Pods_EasyBaseAudio.framework in Frameworks */ = {isa = PBXBuildFile; fileRef = 0B336BF4DD5C1536FE2BAACB /* Pods_EasyBaseAudio.framework */; };
/* End PBXBuildFile section */

/* Begin PBXFileReference section */
		0B336BF4DD5C1536FE2BAACB /* Pods_EasyBaseAudio.framework */ = {isa = PBXFileReference; explicitFileType = wrapper.framework; includeInIndex = 0; path = Pods_EasyBaseAudio.framework; sourceTree = BUILT_PRODUCTS_DIR; };
		6F9775A15FBD13C3A1CA3986 /* Pods-EasyBaseAudio.debug.xcconfig */ = {isa = PBXFileReference; includeInIndex = 1; lastKnownFileType = text.xcconfig; name = "Pods-EasyBaseAudio.debug.xcconfig"; path = "Target Support Files/Pods-EasyBaseAudio/Pods-EasyBaseAudio.debug.xcconfig"; sourceTree = "<group>"; };
		9305F2E128103BFD00ED87C5 /* waveformview.swift */ = {isa = PBXFileReference; fileEncoding = 4; lastKnownFileType = sourcecode.swift; path = waveformview.swift; sourceTree = "<group>"; };
		93A4A4D42805A8E400A792C6 /* Recording.swift */ = {isa = PBXFileReference; fileEncoding = 4; lastKnownFileType = sourcecode.swift; path = Recording.swift; sourceTree = "<group>"; };
		93A4A4FD2805AB5E00A792C6 /* AudioEfffect.swift */ = {isa = PBXFileReference; fileEncoding = 4; lastKnownFileType = sourcecode.swift; path = AudioEfffect.swift; sourceTree = "<group>"; };
		93A4A5012805AE5700A792C6 /* ABBorder.swift */ = {isa = PBXFileReference; fileEncoding = 4; lastKnownFileType = sourcecode.swift; path = ABBorder.swift; sourceTree = "<group>"; };
		93A4A5022805AE5700A792C6 /* ABEndIndicator.swift */ = {isa = PBXFileReference; fileEncoding = 4; lastKnownFileType = sourcecode.swift; path = ABEndIndicator.swift; sourceTree = "<group>"; };
		93A4A5032805AE5700A792C6 /* ABProgressIndicator.swift */ = {isa = PBXFileReference; fileEncoding = 4; lastKnownFileType = sourcecode.swift; path = ABProgressIndicator.swift; sourceTree = "<group>"; };
		93A4A5042805AE5700A792C6 /* ABThumbnailsManager.swift */ = {isa = PBXFileReference; fileEncoding = 4; lastKnownFileType = sourcecode.swift; path = ABThumbnailsManager.swift; sourceTree = "<group>"; };
		93A4A5052805AE5700A792C6 /* ABVideoRangeSlider.swift */ = {isa = PBXFileReference; fileEncoding = 4; lastKnownFileType = sourcecode.swift; path = ABVideoRangeSlider.swift; sourceTree = "<group>"; };
		93A4A5062805AE5700A792C6 /* ABStartIndicator.swift */ = {isa = PBXFileReference; fileEncoding = 4; lastKnownFileType = sourcecode.swift; path = ABStartIndicator.swift; sourceTree = "<group>"; };
		93A4A5072805AE5700A792C6 /* ABTimeView.swift */ = {isa = PBXFileReference; fileEncoding = 4; lastKnownFileType = sourcecode.swift; path = ABTimeView.swift; sourceTree = "<group>"; };
		93A4A5082805AE5700A792C6 /* ABVideoHelper.swift */ = {isa = PBXFileReference; fileEncoding = 4; lastKnownFileType = sourcecode.swift; path = ABVideoHelper.swift; sourceTree = "<group>"; };
		93AE61D6289ACD20003E7CFA /* PropertyWapper.swift */ = {isa = PBXFileReference; fileEncoding = 4; lastKnownFileType = sourcecode.swift; path = PropertyWapper.swift; sourceTree = "<group>"; };
		93AE61D8289ACE14003E7CFA /* Encode+Extension.swift */ = {isa = PBXFileReference; fileEncoding = 4; lastKnownFileType = sourcecode.swift; path = "Encode+Extension.swift"; sourceTree = "<group>"; };
		93AE61DA289ACE4E003E7CFA /* RealmModel.swift */ = {isa = PBXFileReference; fileEncoding = 4; lastKnownFileType = sourcecode.swift; path = RealmModel.swift; sourceTree = "<group>"; };
		93AE61DC289ACE6A003E7CFA /* RealmManager.swift */ = {isa = PBXFileReference; fileEncoding = 4; lastKnownFileType = sourcecode.swift; path = RealmManager.swift; sourceTree = "<group>"; };
		93AE61DE289ACE6F003E7CFA /* EasyManageFiles.swift */ = {isa = PBXFileReference; fileEncoding = 4; lastKnownFileType = sourcecode.swift; path = EasyManageFiles.swift; sourceTree = "<group>"; };
		93E93F582802B74400370E3C /* EasyBaseAudio.framework */ = {isa = PBXFileReference; explicitFileType = wrapper.framework; includeInIndex = 0; path = EasyBaseAudio.framework; sourceTree = BUILT_PRODUCTS_DIR; };
		93E93F5B2802B74400370E3C /* EasyBaseAudio.h */ = {isa = PBXFileReference; lastKnownFileType = sourcecode.c.h; path = EasyBaseAudio.h; sourceTree = "<group>"; };
		93E93F5C2802B74400370E3C /* Info.plist */ = {isa = PBXFileReference; lastKnownFileType = text.plist.xml; path = Info.plist; sourceTree = "<group>"; };
		93E93F652802B81000370E3C /* AudioManage.swift */ = {isa = PBXFileReference; lastKnownFileType = sourcecode.swift; path = AudioManage.swift; sourceTree = "<group>"; };
		93E93F682802B8B300370E3C /* AudioType.swift */ = {isa = PBXFileReference; lastKnownFileType = sourcecode.swift; path = AudioType.swift; sourceTree = "<group>"; };
		93E93F6B2802B92200370E3C /* URL+Extension.swift */ = {isa = PBXFileReference; lastKnownFileType = sourcecode.swift; path = "URL+Extension.swift"; sourceTree = "<group>"; };
		93E93F6E2802B97400370E3C /* Date+Extension.swift */ = {isa = PBXFileReference; lastKnownFileType = sourcecode.swift; path = "Date+Extension.swift"; sourceTree = "<group>"; };
		93E93F712802BAEA00370E3C /* SongExporter.swift */ = {isa = PBXFileReference; fileEncoding = 4; lastKnownFileType = sourcecode.swift; path = SongExporter.swift; sourceTree = "<group>"; };
		D66200E609927DD8247175F7 /* Pods-EasyBaseAudio.release.xcconfig */ = {isa = PBXFileReference; includeInIndex = 1; lastKnownFileType = text.xcconfig; name = "Pods-EasyBaseAudio.release.xcconfig"; path = "Target Support Files/Pods-EasyBaseAudio/Pods-EasyBaseAudio.release.xcconfig"; sourceTree = "<group>"; };
/* End PBXFileReference section */

/* Begin PBXFrameworksBuildPhase section */
		93E93F552802B74400370E3C /* Frameworks */ = {
			isa = PBXFrameworksBuildPhase;
			buildActionMask = 2147483647;
			files = (
				A365F9F94591AA8B266D09AF /* Pods_EasyBaseAudio.framework in Frameworks */,
			);
			runOnlyForDeploymentPostprocessing = 0;
		};
/* End PBXFrameworksBuildPhase section */

/* Begin PBXGroup section */
		6551E7B7324CA835AED5122C /* Pods */ = {
			isa = PBXGroup;
			children = (
				6F9775A15FBD13C3A1CA3986 /* Pods-EasyBaseAudio.debug.xcconfig */,
				D66200E609927DD8247175F7 /* Pods-EasyBaseAudio.release.xcconfig */,
			);
			path = Pods;
			sourceTree = "<group>";
		};
		9305F2E028103BFD00ED87C5 /* WaveFormView */ = {
			isa = PBXGroup;
			children = (
				9305F2E128103BFD00ED87C5 /* waveformview.swift */,
			);
			path = WaveFormView;
			sourceTree = "<group>";
		};
		93A4A5002805AE5700A792C6 /* RangeSlider */ = {
			isa = PBXGroup;
			children = (
				9305F2E028103BFD00ED87C5 /* WaveFormView */,
				93A4A5012805AE5700A792C6 /* ABBorder.swift */,
				93A4A5022805AE5700A792C6 /* ABEndIndicator.swift */,
				93A4A5032805AE5700A792C6 /* ABProgressIndicator.swift */,
				93A4A5042805AE5700A792C6 /* ABThumbnailsManager.swift */,
				93A4A5052805AE5700A792C6 /* ABVideoRangeSlider.swift */,
				93A4A5062805AE5700A792C6 /* ABStartIndicator.swift */,
				93A4A5072805AE5700A792C6 /* ABTimeView.swift */,
				93A4A5082805AE5700A792C6 /* ABVideoHelper.swift */,
			);
			path = RangeSlider;
			sourceTree = "<group>";
		};
		93E93F4E2802B74400370E3C = {
			isa = PBXGroup;
			children = (
				93E93F5A2802B74400370E3C /* EasyBaseAudio */,
				93E93F592802B74400370E3C /* Products */,
				6551E7B7324CA835AED5122C /* Pods */,
				A51D7F2E1B161EA1FCBC91D8 /* Frameworks */,
			);
			sourceTree = "<group>";
		};
		93E93F592802B74400370E3C /* Products */ = {
			isa = PBXGroup;
			children = (
				93E93F582802B74400370E3C /* EasyBaseAudio.framework */,
			);
			name = Products;
			sourceTree = "<group>";
		};
		93E93F5A2802B74400370E3C /* EasyBaseAudio */ = {
			isa = PBXGroup;
			children = (
				93E93F5B2802B74400370E3C /* EasyBaseAudio.h */,
				93E93F5C2802B74400370E3C /* Info.plist */,
				93AE61D6289ACD20003E7CFA /* PropertyWapper.swift */,
				93E93F652802B81000370E3C /* AudioManage.swift */,
				93E93F712802BAEA00370E3C /* SongExporter.swift */,
				93E93F682802B8B300370E3C /* AudioType.swift */,
				93E93F6B2802B92200370E3C /* URL+Extension.swift */,
				93E93F6E2802B97400370E3C /* Date+Extension.swift */,
				93A4A4D42805A8E400A792C6 /* Recording.swift */,
				93A4A4FD2805AB5E00A792C6 /* AudioEfffect.swift */,
				93AE61D8289ACE14003E7CFA /* Encode+Extension.swift */,
				93AE61DA289ACE4E003E7CFA /* RealmModel.swift */,
				93AE61DC289ACE6A003E7CFA /* RealmManager.swift */,
				93AE61DE289ACE6F003E7CFA /* EasyManageFiles.swift */,
				93A4A5002805AE5700A792C6 /* RangeSlider */,
			);
			path = EasyBaseAudio;
			sourceTree = "<group>";
		};
		A51D7F2E1B161EA1FCBC91D8 /* Frameworks */ = {
			isa = PBXGroup;
			children = (
				0B336BF4DD5C1536FE2BAACB /* Pods_EasyBaseAudio.framework */,
			);
			name = Frameworks;
			sourceTree = "<group>";
		};
/* End PBXGroup section */

/* Begin PBXHeadersBuildPhase section */
		93E93F532802B74400370E3C /* Headers */ = {
			isa = PBXHeadersBuildPhase;
			buildActionMask = 2147483647;
			files = (
				93E93F5D2802B74400370E3C /* EasyBaseAudio.h in Headers */,
			);
			runOnlyForDeploymentPostprocessing = 0;
		};
/* End PBXHeadersBuildPhase section */

/* Begin PBXNativeTarget section */
		93E93F572802B74400370E3C /* EasyBaseAudio */ = {
			isa = PBXNativeTarget;
			buildConfigurationList = 93E93F602802B74400370E3C /* Build configuration list for PBXNativeTarget "EasyBaseAudio" */;
			buildPhases = (
				E5EDE39945C05DAE54B40E36 /* [CP] Check Pods Manifest.lock */,
				93E93F532802B74400370E3C /* Headers */,
				93E93F542802B74400370E3C /* Sources */,
				93E93F552802B74400370E3C /* Frameworks */,
				93E93F562802B74400370E3C /* Resources */,
			);
			buildRules = (
			);
			dependencies = (
			);
			name = EasyBaseAudio;
			productName = EasyBaseAudio;
			productReference = 93E93F582802B74400370E3C /* EasyBaseAudio.framework */;
			productType = "com.apple.product-type.framework";
		};
/* End PBXNativeTarget section */

/* Begin PBXProject section */
		93E93F4F2802B74400370E3C /* Project object */ = {
			isa = PBXProject;
			attributes = {
				LastUpgradeCheck = 1240;
				TargetAttributes = {
					93E93F572802B74400370E3C = {
						CreatedOnToolsVersion = 12.4;
						LastSwiftMigration = 1240;
					};
				};
			};
			buildConfigurationList = 93E93F522802B74400370E3C /* Build configuration list for PBXProject "EasyBaseAudio" */;
			compatibilityVersion = "Xcode 9.3";
			developmentRegion = en;
			hasScannedForEncodings = 0;
			knownRegions = (
				en,
				Base,
			);
			mainGroup = 93E93F4E2802B74400370E3C;
			productRefGroup = 93E93F592802B74400370E3C /* Products */;
			projectDirPath = "";
			projectRoot = "";
			targets = (
				93E93F572802B74400370E3C /* EasyBaseAudio */,
			);
		};
/* End PBXProject section */

/* Begin PBXResourcesBuildPhase section */
		93E93F562802B74400370E3C /* Resources */ = {
			isa = PBXResourcesBuildPhase;
			buildActionMask = 2147483647;
			files = (
			);
			runOnlyForDeploymentPostprocessing = 0;
		};
/* End PBXResourcesBuildPhase section */

/* Begin PBXShellScriptBuildPhase section */
		E5EDE39945C05DAE54B40E36 /* [CP] Check Pods Manifest.lock */ = {
			isa = PBXShellScriptBuildPhase;
			buildActionMask = 2147483647;
			files = (
			);
			inputFileListPaths = (
			);
			inputPaths = (
				"${PODS_PODFILE_DIR_PATH}/Podfile.lock",
				"${PODS_ROOT}/Manifest.lock",
			);
			name = "[CP] Check Pods Manifest.lock";
			outputFileListPaths = (
			);
			outputPaths = (
				"$(DERIVED_FILE_DIR)/Pods-EasyBaseAudio-checkManifestLockResult.txt",
			);
			runOnlyForDeploymentPostprocessing = 0;
			shellPath = /bin/sh;
			shellScript = "diff \"${PODS_PODFILE_DIR_PATH}/Podfile.lock\" \"${PODS_ROOT}/Manifest.lock\" > /dev/null\nif [ $? != 0 ] ; then\n    # print error to STDERR\n    echo \"error: The sandbox is not in sync with the Podfile.lock. Run 'pod install' or update your CocoaPods installation.\" >&2\n    exit 1\nfi\n# This output is used by Xcode 'outputs' to avoid re-running this script phase.\necho \"SUCCESS\" > \"${SCRIPT_OUTPUT_FILE_0}\"\n";
			showEnvVarsInLog = 0;
		};
/* End PBXShellScriptBuildPhase section */

/* Begin PBXSourcesBuildPhase section */
		93E93F542802B74400370E3C /* Sources */ = {
			isa = PBXSourcesBuildPhase;
			buildActionMask = 2147483647;
			files = (
				93E93F722802BAEA00370E3C /* SongExporter.swift in Sources */,
				93AE61D9289ACE14003E7CFA /* Encode+Extension.swift in Sources */,
				93AE61DB289ACE4E003E7CFA /* RealmModel.swift in Sources */,
				93A4A4D52805A8E400A792C6 /* Recording.swift in Sources */,
				93A4A50F2805AE5700A792C6 /* ABTimeView.swift in Sources */,
				93A4A50C2805AE5700A792C6 /* ABThumbnailsManager.swift in Sources */,
				93A4A5102805AE5700A792C6 /* ABVideoHelper.swift in Sources */,
				93A4A5092805AE5700A792C6 /* ABBorder.swift in Sources */,
				93A4A4FE2805AB5E00A792C6 /* AudioEfffect.swift in Sources */,
				93A4A50D2805AE5700A792C6 /* ABVideoRangeSlider.swift in Sources */,
				93E93F692802B8B300370E3C /* AudioType.swift in Sources */,
				93A4A50B2805AE5700A792C6 /* ABProgressIndicator.swift in Sources */,
				93E93F6F2802B97400370E3C /* Date+Extension.swift in Sources */,
				93E93F662802B81000370E3C /* AudioManage.swift in Sources */,
				93AE61DF289ACE6F003E7CFA /* EasyManageFiles.swift in Sources */,
				93E93F6C2802B92200370E3C /* URL+Extension.swift in Sources */,
				93A4A50A2805AE5700A792C6 /* ABEndIndicator.swift in Sources */,
				93A4A50E2805AE5700A792C6 /* ABStartIndicator.swift in Sources */,
				93AE61DD289ACE6A003E7CFA /* RealmManager.swift in Sources */,
				9305F2E228103BFD00ED87C5 /* waveformview.swift in Sources */,
				93AE61D7289ACD20003E7CFA /* PropertyWapper.swift in Sources */,
			);
			runOnlyForDeploymentPostprocessing = 0;
		};
/* End PBXSourcesBuildPhase section */

/* Begin XCBuildConfiguration section */
		93E93F5E2802B74400370E3C /* Debug */ = {
			isa = XCBuildConfiguration;
			buildSettings = {
				ALWAYS_SEARCH_USER_PATHS = NO;
				CLANG_ANALYZER_NONNULL = YES;
				CLANG_ANALYZER_NUMBER_OBJECT_CONVERSION = YES_AGGRESSIVE;
				CLANG_CXX_LANGUAGE_STANDARD = "gnu++14";
				CLANG_CXX_LIBRARY = "libc++";
				CLANG_ENABLE_MODULES = YES;
				CLANG_ENABLE_OBJC_ARC = YES;
				CLANG_ENABLE_OBJC_WEAK = YES;
				CLANG_WARN_BLOCK_CAPTURE_AUTORELEASING = YES;
				CLANG_WARN_BOOL_CONVERSION = YES;
				CLANG_WARN_COMMA = YES;
				CLANG_WARN_CONSTANT_CONVERSION = YES;
				CLANG_WARN_DEPRECATED_OBJC_IMPLEMENTATIONS = YES;
				CLANG_WARN_DIRECT_OBJC_ISA_USAGE = YES_ERROR;
				CLANG_WARN_DOCUMENTATION_COMMENTS = YES;
				CLANG_WARN_EMPTY_BODY = YES;
				CLANG_WARN_ENUM_CONVERSION = YES;
				CLANG_WARN_INFINITE_RECURSION = YES;
				CLANG_WARN_INT_CONVERSION = YES;
				CLANG_WARN_NON_LITERAL_NULL_CONVERSION = YES;
				CLANG_WARN_OBJC_IMPLICIT_RETAIN_SELF = YES;
				CLANG_WARN_OBJC_LITERAL_CONVERSION = YES;
				CLANG_WARN_OBJC_ROOT_CLASS = YES_ERROR;
				CLANG_WARN_QUOTED_INCLUDE_IN_FRAMEWORK_HEADER = YES;
				CLANG_WARN_RANGE_LOOP_ANALYSIS = YES;
				CLANG_WARN_STRICT_PROTOTYPES = YES;
				CLANG_WARN_SUSPICIOUS_MOVE = YES;
				CLANG_WARN_UNGUARDED_AVAILABILITY = YES_AGGRESSIVE;
				CLANG_WARN_UNREACHABLE_CODE = YES;
				CLANG_WARN__DUPLICATE_METHOD_MATCH = YES;
				COPY_PHASE_STRIP = NO;
				CURRENT_PROJECT_VERSION = 1;
				DEBUG_INFORMATION_FORMAT = dwarf;
				ENABLE_STRICT_OBJC_MSGSEND = YES;
				ENABLE_TESTABILITY = YES;
				GCC_C_LANGUAGE_STANDARD = gnu11;
				GCC_DYNAMIC_NO_PIC = NO;
				GCC_NO_COMMON_BLOCKS = YES;
				GCC_OPTIMIZATION_LEVEL = 0;
				GCC_PREPROCESSOR_DEFINITIONS = (
					"DEBUG=1",
					"$(inherited)",
				);
				GCC_WARN_64_TO_32_BIT_CONVERSION = YES;
				GCC_WARN_ABOUT_RETURN_TYPE = YES_ERROR;
				GCC_WARN_UNDECLARED_SELECTOR = YES;
				GCC_WARN_UNINITIALIZED_AUTOS = YES_AGGRESSIVE;
				GCC_WARN_UNUSED_FUNCTION = YES;
				GCC_WARN_UNUSED_VARIABLE = YES;
				IPHONEOS_DEPLOYMENT_TARGET = 13.0;
				MTL_ENABLE_DEBUG_INFO = INCLUDE_SOURCE;
				MTL_FAST_MATH = YES;
				ONLY_ACTIVE_ARCH = YES;
				SDKROOT = iphoneos;
				SWIFT_ACTIVE_COMPILATION_CONDITIONS = DEBUG;
				SWIFT_OPTIMIZATION_LEVEL = "-Onone";
				VERSIONING_SYSTEM = "apple-generic";
				VERSION_INFO_PREFIX = "";
			};
			name = Debug;
		};
		93E93F5F2802B74400370E3C /* Release */ = {
			isa = XCBuildConfiguration;
			buildSettings = {
				ALWAYS_SEARCH_USER_PATHS = NO;
				CLANG_ANALYZER_NONNULL = YES;
				CLANG_ANALYZER_NUMBER_OBJECT_CONVERSION = YES_AGGRESSIVE;
				CLANG_CXX_LANGUAGE_STANDARD = "gnu++14";
				CLANG_CXX_LIBRARY = "libc++";
				CLANG_ENABLE_MODULES = YES;
				CLANG_ENABLE_OBJC_ARC = YES;
				CLANG_ENABLE_OBJC_WEAK = YES;
				CLANG_WARN_BLOCK_CAPTURE_AUTORELEASING = YES;
				CLANG_WARN_BOOL_CONVERSION = YES;
				CLANG_WARN_COMMA = YES;
				CLANG_WARN_CONSTANT_CONVERSION = YES;
				CLANG_WARN_DEPRECATED_OBJC_IMPLEMENTATIONS = YES;
				CLANG_WARN_DIRECT_OBJC_ISA_USAGE = YES_ERROR;
				CLANG_WARN_DOCUMENTATION_COMMENTS = YES;
				CLANG_WARN_EMPTY_BODY = YES;
				CLANG_WARN_ENUM_CONVERSION = YES;
				CLANG_WARN_INFINITE_RECURSION = YES;
				CLANG_WARN_INT_CONVERSION = YES;
				CLANG_WARN_NON_LITERAL_NULL_CONVERSION = YES;
				CLANG_WARN_OBJC_IMPLICIT_RETAIN_SELF = YES;
				CLANG_WARN_OBJC_LITERAL_CONVERSION = YES;
				CLANG_WARN_OBJC_ROOT_CLASS = YES_ERROR;
				CLANG_WARN_QUOTED_INCLUDE_IN_FRAMEWORK_HEADER = YES;
				CLANG_WARN_RANGE_LOOP_ANALYSIS = YES;
				CLANG_WARN_STRICT_PROTOTYPES = YES;
				CLANG_WARN_SUSPICIOUS_MOVE = YES;
				CLANG_WARN_UNGUARDED_AVAILABILITY = YES_AGGRESSIVE;
				CLANG_WARN_UNREACHABLE_CODE = YES;
				CLANG_WARN__DUPLICATE_METHOD_MATCH = YES;
				COPY_PHASE_STRIP = NO;
				CURRENT_PROJECT_VERSION = 1;
				DEBUG_INFORMATION_FORMAT = "dwarf-with-dsym";
				ENABLE_NS_ASSERTIONS = NO;
				ENABLE_STRICT_OBJC_MSGSEND = YES;
				GCC_C_LANGUAGE_STANDARD = gnu11;
				GCC_NO_COMMON_BLOCKS = YES;
				GCC_WARN_64_TO_32_BIT_CONVERSION = YES;
				GCC_WARN_ABOUT_RETURN_TYPE = YES_ERROR;
				GCC_WARN_UNDECLARED_SELECTOR = YES;
				GCC_WARN_UNINITIALIZED_AUTOS = YES_AGGRESSIVE;
				GCC_WARN_UNUSED_FUNCTION = YES;
				GCC_WARN_UNUSED_VARIABLE = YES;
				IPHONEOS_DEPLOYMENT_TARGET = 13.0;
				MTL_ENABLE_DEBUG_INFO = NO;
				MTL_FAST_MATH = YES;
				SDKROOT = iphoneos;
				SWIFT_COMPILATION_MODE = wholemodule;
				SWIFT_OPTIMIZATION_LEVEL = "-O";
				VALIDATE_PRODUCT = YES;
				VERSIONING_SYSTEM = "apple-generic";
				VERSION_INFO_PREFIX = "";
			};
			name = Release;
		};
		93E93F612802B74400370E3C /* Debug */ = {
			isa = XCBuildConfiguration;
			baseConfigurationReference = 6F9775A15FBD13C3A1CA3986 /* Pods-EasyBaseAudio.debug.xcconfig */;
			buildSettings = {
				CLANG_ENABLE_MODULES = YES;
				CODE_SIGN_STYLE = Automatic;
				DEFINES_MODULE = YES;
				DEVELOPMENT_TEAM = ZX8LBHXXZB;
				DYLIB_COMPATIBILITY_VERSION = 1;
				DYLIB_CURRENT_VERSION = 1;
				DYLIB_INSTALL_NAME_BASE = "@rpath";
				INFOPLIST_FILE = EasyBaseAudio/Info.plist;
				INSTALL_PATH = "$(LOCAL_LIBRARY_DIR)/Frameworks";
				IPHONEOS_DEPLOYMENT_TARGET = 13.0;
				LD_RUNPATH_SEARCH_PATHS = (
					"$(inherited)",
					"@executable_path/Frameworks",
					"@loader_path/Frameworks",
				);
				PRODUCT_BUNDLE_IDENTIFIER = haiphan.EasyBaseAudio;
				PRODUCT_NAME = "$(TARGET_NAME:c99extidentifier)";
				SKIP_INSTALL = YES;
				SUPPORTS_MACCATALYST = NO;
				SWIFT_OPTIMIZATION_LEVEL = "-Onone";
				SWIFT_VERSION = 5.0;
				TARGETED_DEVICE_FAMILY = 1;
			};
			name = Debug;
		};
		93E93F622802B74400370E3C /* Release */ = {
			isa = XCBuildConfiguration;
			baseConfigurationReference = D66200E609927DD8247175F7 /* Pods-EasyBaseAudio.release.xcconfig */;
			buildSettings = {
				CLANG_ENABLE_MODULES = YES;
				CODE_SIGN_STYLE = Automatic;
				DEFINES_MODULE = YES;
				DEVELOPMENT_TEAM = ZX8LBHXXZB;
				DYLIB_COMPATIBILITY_VERSION = 1;
				DYLIB_CURRENT_VERSION = 1;
				DYLIB_INSTALL_NAME_BASE = "@rpath";
				INFOPLIST_FILE = EasyBaseAudio/Info.plist;
				INSTALL_PATH = "$(LOCAL_LIBRARY_DIR)/Frameworks";
				IPHONEOS_DEPLOYMENT_TARGET = 13.0;
				LD_RUNPATH_SEARCH_PATHS = (
					"$(inherited)",
					"@executable_path/Frameworks",
					"@loader_path/Frameworks",
				);
				PRODUCT_BUNDLE_IDENTIFIER = haiphan.EasyBaseAudio;
				PRODUCT_NAME = "$(TARGET_NAME:c99extidentifier)";
				SKIP_INSTALL = YES;
				SUPPORTS_MACCATALYST = NO;
				SWIFT_VERSION = 5.0;
				TARGETED_DEVICE_FAMILY = 1;
			};
			name = Release;
		};
/* End XCBuildConfiguration section */

/* Begin XCConfigurationList section */
		93E93F522802B74400370E3C /* Build configuration list for PBXProject "EasyBaseAudio" */ = {
			isa = XCConfigurationList;
			buildConfigurations = (
				93E93F5E2802B74400370E3C /* Debug */,
				93E93F5F2802B74400370E3C /* Release */,
			);
			defaultConfigurationIsVisible = 0;
			defaultConfigurationName = Release;
		};
		93E93F602802B74400370E3C /* Build configuration list for PBXNativeTarget "EasyBaseAudio" */ = {
			isa = XCConfigurationList;
			buildConfigurations = (
				93E93F612802B74400370E3C /* Debug */,
				93E93F622802B74400370E3C /* Release */,
			);
			defaultConfigurationIsVisible = 0;
			defaultConfigurationName = Release;
		};
/* End XCConfigurationList section */
	};
	rootObject = 93E93F4F2802B74400370E3C /* Project object */;
}
